
Microsoft Visual Studio Solution File, Format Version 12.00
# Visual Studio 15
VisualStudioVersion = 15.0.26206.0
MinimumVisualStudioVersion = 10.0.40219.1
Project("{2150E333-8FDC-42A3-9474-1A3956D46DE8}") = "Bindings", "Bindings", "{FACDC5B8-244C-4913-91B1-BA31BB7BDB61}"
	ProjectSection(SolutionItems) = preProject
		Bindings\bindings.json = Bindings\bindings.json
	EndProjectSection
EndProject
Project("{2150E333-8FDC-42A3-9474-1A3956D46DE8}") = "Templates", "Templates", "{9131FAC9-F834-4D69-A9F3-0057D7BB5670}"
EndProject
Project("{2150E333-8FDC-42A3-9474-1A3956D46DE8}") = "BlobTrigger-CSharp", "BlobTrigger-CSharp", "{740FFD3F-B1AF-4154-A4D2-82A684C1C233}"
	ProjectSection(SolutionItems) = preProject
		Templates\BlobTrigger-CSharp\function.json = Templates\BlobTrigger-CSharp\function.json
		Templates\BlobTrigger-CSharp\metadata.json = Templates\BlobTrigger-CSharp\metadata.json
		Templates\BlobTrigger-CSharp\project.json = Templates\BlobTrigger-CSharp\project.json
		Templates\BlobTrigger-CSharp\run.csx = Templates\BlobTrigger-CSharp\run.csx
	EndProjectSection
EndProject
Project("{2150E333-8FDC-42A3-9474-1A3956D46DE8}") = "Test", "Test", "{84E9734A-2B07-45FE-8B03-7B49953F7F26}"
	ProjectSection(SolutionItems) = preProject
		Test\lib.ps1 = Test\lib.ps1
		Test\TestExecutor.ps1 = Test\TestExecutor.ps1
		Test\Tests.ps1 = Test\Tests.ps1
	EndProjectSection
EndProject
Project("{2150E333-8FDC-42A3-9474-1A3956D46DE8}") = "Solution Items", "Solution Items", "{933D5A66-1DCC-4A3E-AC98-BD394646F184}"
EndProject
Project("{2150E333-8FDC-42A3-9474-1A3956D46DE8}") = "Resources", "Resources", "{9D8B34D2-B129-4C3F-A68C-ED962B58B92E}"
	ProjectSection(SolutionItems) = preProject
		Resources\Resources.resx = Resources\Resources.resx
	EndProjectSection
EndProject
Project("{2150E333-8FDC-42A3-9474-1A3956D46DE8}") = "Documentation", "Documentation", "{32133A6C-C3AF-4728-9966-7C7166F6F85A}"
	ProjectSection(SolutionItems) = preProject
		Documentation\apiHubFileIn.md = Documentation\apiHubFileIn.md
		Documentation\apiHubFileOut.md = Documentation\apiHubFileOut.md
		Documentation\apiHubFileTrigger.md = Documentation\apiHubFileTrigger.md
		Documentation\apiHubTable.md = Documentation\apiHubTable.md
		Documentation\apiHubTableOut.md = Documentation\apiHubTableOut.md
		Documentation\blobIn.md = Documentation\blobIn.md
		Documentation\blobOut.md = Documentation\blobOut.md
		Documentation\blobTrigger.md = Documentation\blobTrigger.md
		Documentation\documentDBIn.md = Documentation\documentDBIn.md
		Documentation\documentDBOut.md = Documentation\documentDBOut.md
		Documentation\eventHubOut.md = Documentation\eventHubOut.md
		Documentation\eventHubTrigger.md = Documentation\eventHubTrigger.md
		Documentation\httpOut.md = Documentation\httpOut.md
		Documentation\httpTrigger.md = Documentation\httpTrigger.md
		Documentation\manualTrigger.md = Documentation\manualTrigger.md
		Documentation\mobileTableIn.md = Documentation\mobileTableIn.md
		Documentation\mobileTableOut.md = Documentation\mobileTableOut.md
		Documentation\notificationHubOut.md = Documentation\notificationHubOut.md
		Documentation\queueOut.md = Documentation\queueOut.md
		Documentation\queueTrigger.md = Documentation\queueTrigger.md
		Documentation\sendGridOut.md = Documentation\sendGridOut.md
		Documentation\serviceBusOut.md = Documentation\serviceBusOut.md
		Documentation\serviceBusTrigger.md = Documentation\serviceBusTrigger.md
		Documentation\tableIn.md = Documentation\tableIn.md
		Documentation\tableOut.md = Documentation\tableOut.md
		Documentation\timerTrigger.md = Documentation\timerTrigger.md
	EndProjectSection
EndProject
Project("{2150E333-8FDC-42A3-9474-1A3956D46DE8}") = "cs-CZ", "cs-CZ", "{E17D7BB5-DBC5-4E84-B96D-14333006DFF3}"
	ProjectSection(SolutionItems) = preProject
		Resources\cs-CZ\Resources.resx = Resources\cs-CZ\Resources.resx
	EndProjectSection
EndProject
Project("{2150E333-8FDC-42A3-9474-1A3956D46DE8}") = "de-DE", "de-DE", "{75E62C29-4AF1-4017-811C-7090F1546A53}"
	ProjectSection(SolutionItems) = preProject
		Resources\de-DE\Resources.resx = Resources\de-DE\Resources.resx
	EndProjectSection
EndProject
Project("{2150E333-8FDC-42A3-9474-1A3956D46DE8}") = "en-ES", "en-ES", "{459F7E5E-09FF-41D1-AA52-71BBC9464BF1}"
	ProjectSection(SolutionItems) = preProject
		Resources\es-ES\Resources.resx = Resources\es-ES\Resources.resx
	EndProjectSection
EndProject
Project("{2150E333-8FDC-42A3-9474-1A3956D46DE8}") = "fr-FR", "fr-FR", "{8F40B047-608A-4851-95BF-EE4DDF82C4F4}"
	ProjectSection(SolutionItems) = preProject
		Resources\fr-FR\Resources.resx = Resources\fr-FR\Resources.resx
	EndProjectSection
EndProject
Project("{2150E333-8FDC-42A3-9474-1A3956D46DE8}") = "hu-HU", "hu-HU", "{6A166F22-9017-431B-B3E0-3381FD0A9328}"
	ProjectSection(SolutionItems) = preProject
		Resources\hu-HU\Resources.resx = Resources\hu-HU\Resources.resx
	EndProjectSection
EndProject
Project("{2150E333-8FDC-42A3-9474-1A3956D46DE8}") = "it-IT", "it-IT", "{93529173-FC80-4203-90D2-758794082628}"
	ProjectSection(SolutionItems) = preProject
		Resources\it-IT\Resources.resx = Resources\it-IT\Resources.resx
	EndProjectSection
EndProject
Project("{2150E333-8FDC-42A3-9474-1A3956D46DE8}") = "ja-JP", "ja-JP", "{CF1F8CC5-1161-4418-AE7B-C0ACA7D3BCFD}"
	ProjectSection(SolutionItems) = preProject
		Resources\ja-JP\Resources.resx = Resources\ja-JP\Resources.resx
	EndProjectSection
EndProject
Project("{2150E333-8FDC-42A3-9474-1A3956D46DE8}") = "ko-KR", "ko-KR", "{7C5EDBC3-88FF-4119-A505-9195C6B8724D}"
	ProjectSection(SolutionItems) = preProject
		Resources\ko-KR\Resources.resx = Resources\ko-KR\Resources.resx
	EndProjectSection
EndProject
Project("{2150E333-8FDC-42A3-9474-1A3956D46DE8}") = "nl-NL", "nl-NL", "{DF034641-E143-4F75-A84E-23AA2992133B}"
	ProjectSection(SolutionItems) = preProject
		Resources\nl-NL\Resources.resx = Resources\nl-NL\Resources.resx
	EndProjectSection
EndProject
Project("{2150E333-8FDC-42A3-9474-1A3956D46DE8}") = "pl-PL", "pl-PL", "{86038AED-F767-461E-87F4-D7B565B3847B}"
	ProjectSection(SolutionItems) = preProject
		Resources\pl-PL\Resources.resx = Resources\pl-PL\Resources.resx
	EndProjectSection
EndProject
Project("{2150E333-8FDC-42A3-9474-1A3956D46DE8}") = "pt-BR", "pt-BR", "{8F3829F9-1A8D-4BD8-A5B4-2DC4AAABEF8A}"
	ProjectSection(SolutionItems) = preProject
		Resources\pt-BR\Resources.resx = Resources\pt-BR\Resources.resx
	EndProjectSection
EndProject
Project("{2150E333-8FDC-42A3-9474-1A3956D46DE8}") = "pt-PT", "pt-PT", "{828F345F-13A7-4442-BA89-E7AE2E8779A8}"
	ProjectSection(SolutionItems) = preProject
		Resources\pt-PT\Resources.resx = Resources\pt-PT\Resources.resx
	EndProjectSection
EndProject
Project("{2150E333-8FDC-42A3-9474-1A3956D46DE8}") = "qps-ploc", "qps-ploc", "{87C2B39B-5C93-4991-BE10-15D6135389D0}"
	ProjectSection(SolutionItems) = preProject
		Resources\qps-ploc\Resources.resx = Resources\qps-ploc\Resources.resx
	EndProjectSection
EndProject
Project("{2150E333-8FDC-42A3-9474-1A3956D46DE8}") = "ru-RU", "ru-RU", "{1D250632-3BD1-4408-94F9-DF81BA054019}"
	ProjectSection(SolutionItems) = preProject
		Resources\ru-RU\Resources.resx = Resources\ru-RU\Resources.resx
	EndProjectSection
EndProject
Project("{2150E333-8FDC-42A3-9474-1A3956D46DE8}") = "sv-SE", "sv-SE", "{FD73312C-B1ED-41A8-ACAF-1A3AF281C178}"
	ProjectSection(SolutionItems) = preProject
		Resources\sv-SE\Resources.resx = Resources\sv-SE\Resources.resx
	EndProjectSection
EndProject
Project("{2150E333-8FDC-42A3-9474-1A3956D46DE8}") = "tr-TR", "tr-TR", "{8BA50B67-43AA-43F0-BACC-C28A4A1FAED4}"
	ProjectSection(SolutionItems) = preProject
		Resources\tr-TR\Resources.resx = Resources\tr-TR\Resources.resx
	EndProjectSection
EndProject
Project("{2150E333-8FDC-42A3-9474-1A3956D46DE8}") = "zh-CN", "zh-CN", "{89C4C14D-6637-46F4-8625-D93826BCBCB9}"
	ProjectSection(SolutionItems) = preProject
		Resources\zh-CN\Resources.resx = Resources\zh-CN\Resources.resx
	EndProjectSection
EndProject
Project("{2150E333-8FDC-42A3-9474-1A3956D46DE8}") = "zh-TW", "zh-TW", "{0BF763AC-1F65-4514-B810-0DC08B5FB37C}"
	ProjectSection(SolutionItems) = preProject
		Resources\zh-TW\Resources.resx = Resources\zh-TW\Resources.resx
	EndProjectSection
EndProject
Global
	GlobalSection(SolutionProperties) = preSolution
		HideSolutionNode = FALSE
	EndGlobalSection
	GlobalSection(NestedProjects) = preSolution
		{740FFD3F-B1AF-4154-A4D2-82A684C1C233} = {9131FAC9-F834-4D69-A9F3-0057D7BB5670}
		{E17D7BB5-DBC5-4E84-B96D-14333006DFF3} = {9D8B34D2-B129-4C3F-A68C-ED962B58B92E}
		{75E62C29-4AF1-4017-811C-7090F1546A53} = {9D8B34D2-B129-4C3F-A68C-ED962B58B92E}
		{459F7E5E-09FF-41D1-AA52-71BBC9464BF1} = {9D8B34D2-B129-4C3F-A68C-ED962B58B92E}
		{8F40B047-608A-4851-95BF-EE4DDF82C4F4} = {9D8B34D2-B129-4C3F-A68C-ED962B58B92E}
		{6A166F22-9017-431B-B3E0-3381FD0A9328} = {9D8B34D2-B129-4C3F-A68C-ED962B58B92E}
		{93529173-FC80-4203-90D2-758794082628} = {9D8B34D2-B129-4C3F-A68C-ED962B58B92E}
		{CF1F8CC5-1161-4418-AE7B-C0ACA7D3BCFD} = {9D8B34D2-B129-4C3F-A68C-ED962B58B92E}
		{7C5EDBC3-88FF-4119-A505-9195C6B8724D} = {9D8B34D2-B129-4C3F-A68C-ED962B58B92E}
		{DF034641-E143-4F75-A84E-23AA2992133B} = {9D8B34D2-B129-4C3F-A68C-ED962B58B92E}
		{86038AED-F767-461E-87F4-D7B565B3847B} = {9D8B34D2-B129-4C3F-A68C-ED962B58B92E}
		{8F3829F9-1A8D-4BD8-A5B4-2DC4AAABEF8A} = {9D8B34D2-B129-4C3F-A68C-ED962B58B92E}
		{828F345F-13A7-4442-BA89-E7AE2E8779A8} = {9D8B34D2-B129-4C3F-A68C-ED962B58B92E}
		{87C2B39B-5C93-4991-BE10-15D6135389D0} = {9D8B34D2-B129-4C3F-A68C-ED962B58B92E}
		{1D250632-3BD1-4408-94F9-DF81BA054019} = {9D8B34D2-B129-4C3F-A68C-ED962B58B92E}
		{FD73312C-B1ED-41A8-ACAF-1A3AF281C178} = {9D8B34D2-B129-4C3F-A68C-ED962B58B92E}
		{8BA50B67-43AA-43F0-BACC-C28A4A1FAED4} = {9D8B34D2-B129-4C3F-A68C-ED962B58B92E}
		{89C4C14D-6637-46F4-8625-D93826BCBCB9} = {9D8B34D2-B129-4C3F-A68C-ED962B58B92E}
		{0BF763AC-1F65-4514-B810-0DC08B5FB37C} = {9D8B34D2-B129-4C3F-A68C-ED962B58B92E}
	EndGlobalSection
EndGlobal
